{
    "name": "Notification-System-ServerSentEvents",
    "lockfileVersion": 2,
    "requires": true,
    "packages": {
        "": {
            "dependencies": {
                "faker": "*",
                "sse": "*"
            }
        },
        "node_modules/faker": {
            "version": "5.5.3",
            "resolved": "https://registry.npmjs.org/faker/-/faker-5.5.3.tgz",
            "integrity": "sha512-wLTv2a28wjUyWkbnX7u/ABZBkUkIF2fCd73V6P2oFqEGEktDfzWx4UxrSqtPRw0xPRAcjeAOIiJWqZm3pP4u3g=="
        },
        "node_modules/options": {
            "version": "0.0.6",
            "resolved": "https://registry.npmjs.org/options/-/options-0.0.6.tgz",
            "integrity": "sha1-7CLTEoBrtT5zF3Pnza788cZDEo8=",
            "engines": {
                "node": ">=0.4.0"
            }
        },
        "node_modules/sse": {
            "version": "0.0.8",
            "resolved": "https://registry.npmjs.org/sse/-/sse-0.0.8.tgz",
            "integrity": "sha512-cviG7JH31TUhZeaEVhac3zTzA+2FwA7qvHziAHpb7mC7RNVJ/RbHN+6LIGsS2ugP4o2H15DWmrSMK+91CboIcg==",
            "dependencies": {
                "options": "0.0.6"
            },
            "engines": {
                "node": ">=0.4.0"
            }
        }
    },
    "dependencies": {
        "faker": {
            "version": "5.5.3",
            "resolved": "https://registry.npmjs.org/faker/-/faker-5.5.3.tgz",
            "integrity": "sha512-wLTv2a28wjUyWkbnX7u/ABZBkUkIF2fCd73V6P2oFqEGEktDfzWx4UxrSqtPRw0xPRAcjeAOIiJWqZm3pP4u3g=="
        },
        "options": {
            "version": "0.0.6",
            "resolved": "https://registry.npmjs.org/options/-/options-0.0.6.tgz",
            "integrity": "sha1-7CLTEoBrtT5zF3Pnza788cZDEo8="
        },
        "sse": {
            "version": "0.0.8",
            "resolved": "https://registry.npmjs.org/sse/-/sse-0.0.8.tgz",
            "integrity": "sha512-cviG7JH31TUhZeaEVhac3zTzA+2FwA7qvHziAHpb7mC7RNVJ/RbHN+6LIGsS2ugP4o2H15DWmrSMK+91CboIcg==",
            "requires": {
                "options": "0.0.6"
            }
        }
    }
}
